
Microsoft Visual Studio Solution File, Format Version 12.00
# Visual Studio Version 16
VisualStudioVersion = 16.0.30114.105
MinimumVisualStudioVersion = 10.0.40219.1
Project("{FAE04EC0-301F-11D3-BF4B-00C04F79EFBC}") = "DioBank.Application", "DioBank.Application\DioBank.Application.csproj", "{985BF0E4-AF5F-4BE6-B846-57B0261568D5}"
EndProject
Project("{FAE04EC0-301F-11D3-BF4B-00C04F79EFBC}") = "DioBank.Domain", "DioBank.Domain\DioBank.Domain.csproj", "{D65209D2-7EC1-44C6-BC69-EF420E58C3C7}"
EndProject
Global
	GlobalSection(SolutionConfigurationPlatforms) = preSolution
		Debug|Any CPU = Debug|Any CPU
		Debug|x64 = Debug|x64
		Debug|x86 = Debug|x86
		Release|Any CPU = Release|Any CPU
		Release|x64 = Release|x64
		Release|x86 = Release|x86
	EndGlobalSection
	GlobalSection(SolutionProperties) = preSolution
		HideSolutionNode = FALSE
	EndGlobalSection
	GlobalSection(ProjectConfigurationPlatforms) = postSolution
		{985BF0E4-AF5F-4BE6-B846-57B0261568D5}.Debug|Any CPU.ActiveCfg = Debug|Any CPU
		{985BF0E4-AF5F-4BE6-B846-57B0261568D5}.Debug|Any CPU.Build.0 = Debug|Any CPU
		{985BF0E4-AF5F-4BE6-B846-57B0261568D5}.Debug|x64.ActiveCfg = Debug|Any CPU
		{985BF0E4-AF5F-4BE6-B846-57B0261568D5}.Debug|x64.Build.0 = Debug|Any CPU
		{985BF0E4-AF5F-4BE6-B846-57B0261568D5}.Debug|x86.ActiveCfg = Debug|Any CPU
		{985BF0E4-AF5F-4BE6-B846-57B0261568D5}.Debug|x86.Build.0 = Debug|Any CPU
		{985BF0E4-AF5F-4BE6-B846-57B0261568D5}.Release|Any CPU.ActiveCfg = Release|Any CPU
		{985BF0E4-AF5F-4BE6-B846-57B0261568D5}.Release|Any CPU.Build.0 = Release|Any CPU
		{985BF0E4-AF5F-4BE6-B846-57B0261568D5}.Release|x64.ActiveCfg = Release|Any CPU
		{985BF0E4-AF5F-4BE6-B846-57B0261568D5}.Release|x64.Build.0 = Release|Any CPU
		{985BF0E4-AF5F-4BE6-B846-57B0261568D5}.Release|x86.ActiveCfg = Release|Any CPU
		{985BF0E4-AF5F-4BE6-B846-57B0261568D5}.Release|x86.Build.0 = Release|Any CPU
		{D65209D2-7EC1-44C6-BC69-EF420E58C3C7}.Debug|Any CPU.ActiveCfg = Debug|Any CPU
		{D65209D2-7EC1-44C6-BC69-EF420E58C3C7}.Debug|Any CPU.Build.0 = Debug|Any CPU
		{D65209D2-7EC1-44C6-BC69-EF420E58C3C7}.Debug|x64.ActiveCfg = Debug|Any CPU
		{D65209D2-7EC1-44C6-BC69-EF420E58C3C7}.Debug|x64.Build.0 = Debug|Any CPU
		{D65209D2-7EC1-44C6-BC69-EF420E58C3C7}.Debug|x86.ActiveCfg = Debug|Any CPU
		{D65209D2-7EC1-44C6-BC69-EF420E58C3C7}.Debug|x86.Build.0 = Debug|Any CPU
		{D65209D2-7EC1-44C6-BC69-EF420E58C3C7}.Release|Any CPU.ActiveCfg = Release|Any CPU
		{D65209D2-7EC1-44C6-BC69-EF420E58C3C7}.Release|Any CPU.Build.0 = Release|Any CPU
		{D65209D2-7EC1-44C6-BC69-EF420E58C3C7}.Release|x64.ActiveCfg = Release|Any CPU
		{D65209D2-7EC1-44C6-BC69-EF420E58C3C7}.Release|x64.Build.0 = Release|Any CPU
		{D65209D2-7EC1-44C6-BC69-EF420E58C3C7}.Release|x86.ActiveCfg = Release|Any CPU
		{D65209D2-7EC1-44C6-BC69-EF420E58C3C7}.Release|x86.Build.0 = Release|Any CPU
	EndGlobalSection
EndGlobal
